%{
  "connection": {:hex, :connection, "1.1.0", "ff2a49c4b75b6fb3e674bfc5536451607270aac754ffd1bdfe175abe4a6d7a68", [:mix], [], "hexpm", "722c1eb0a418fbe91ba7bd59a47e28008a189d47e37e0e7bb85585a016b2869c"},
  "crc32cer": {:hex, :crc32cer, "0.1.10", "fb87abbf34b72f180f8c3a908cd1826c6cb9a59787d156a29e05de9e98be385e", [:rebar3], [], "hexpm", "5b1f47efd0a1b4b7411f1f35e14d3c8c6da6e6a2a725ec8f2cf1ab13703e5f38"},
  "jason": {:hex, :jason, "1.3.0", "fa6b82a934feb176263ad2df0dbd91bf633d4a46ebfdffea0c8ae82953714946", [:mix], [{:decimal, "~> 1.0 or ~> 2.0", [hex: :decimal, repo: "hexpm", optional: true]}], "hexpm", "53fc1f51255390e0ec7e50f9cb41e751c260d065dcba2bf0d08dc51a4002c2ac"},
  "kafka_ex": {:git, "https://github.com/aram0112/kafka_ex", "9e7a08061e6b0eb1df921d32a630c8d53b28f61c", []},
  "kayrock": {:hex, :kayrock, "0.1.15", "61ce03b65dd2236479357ca4162f43fe3a42923b39fbb6551a16d57cf2b93072", [:mix], [{:connection, "~>1.1.0", [hex: :connection, repo: "hexpm", optional: false]}, {:crc32cer, "~>0.1.8", [hex: :crc32cer, repo: "hexpm", optional: false]}, {:varint, "~>1.2.0", [hex: :varint, repo: "hexpm", optional: false]}], "hexpm", "61d7b3579db68e61c26f316b9246e0231b878148bb1887adc59fecedcbc46c12"},
  "snappyer": {:hex, :snappyer, "1.2.8", "201ce9067a33c71a6a5087c0c3a49a010b17112d461e6df696c722dcb6d0934a", [:rebar3], [], "hexpm", "35518e79a28548b56d8fd6aee2f565f12f51c2d3d053f9cfa817c83be88c4f3d"},
  "varint": {:hex, :varint, "1.2.0", "61bffd9dcc2d5242d59f75694506b4d4013bb103f6a23e34b94f89cebb0c1ab3", [:mix], [], "hexpm", "d94941ed8b9d1a5fdede9103a5e52035bd0aaf35081d44e67713a36799927e47"},
}
